
Microsoft Visual Studio Solution File, Format Version 12.00
# Visual Studio Version 17
VisualStudioVersion = 17.2.32526.322
MinimumVisualStudioVersion = 10.0.40219.1
Project("{FAE04EC0-301F-11D3-BF4B-00C04F79EFBC}") = "sparx", "sparx\sparx.csproj", "{C4E47946-398C-4A2C-98E6-E72CC5CA3C62}"
EndProject
Global
	GlobalSection(SolutionConfigurationPlatforms) = preSolution
		Debug|Any CPU = Debug|Any CPU
		Release|Any CPU = Release|Any CPU
	EndGlobalSection
	GlobalSection(ProjectConfigurationPlatforms) = postSolution
		{C4E47946-398C-4A2C-98E6-E72CC5CA3C62}.Debug|Any CPU.ActiveCfg = Debug|Any CPU
		{C4E47946-398C-4A2C-98E6-E72CC5CA3C62}.Debug|Any CPU.Build.0 = Debug|Any CPU
		{C4E47946-398C-4A2C-98E6-E72CC5CA3C62}.Release|Any CPU.ActiveCfg = Release|Any CPU
		{C4E47946-398C-4A2C-98E6-E72CC5CA3C62}.Release|Any CPU.Build.0 = Release|Any CPU
	EndGlobalSection
	GlobalSection(SolutionProperties) = preSolution
		HideSolutionNode = FALSE
	EndGlobalSection
	GlobalSection(ExtensibilityGlobals) = postSolution
		SolutionGuid = {78A1B900-9B4A-483A-A230-354F0D54FDE9}
	EndGlobalSection
EndGlobal
